
Microsoft Visual Studio Solution File, Format Version 12.00
# Visual Studio 15
Project("{FAE04EC0-301F-11D3-BF4B-00C04F79EFBC}") = "Assembly-CSharp", "Assembly-CSharp.csproj", "{24D0C497-F613-ECD4-77FD-CCA17C5FC0F4}"
EndProject
Project("{FAE04EC0-301F-11D3-BF4B-00C04F79EFBC}") = "Assembly-CSharp-Editor", "Assembly-CSharp-Editor.csproj", "{A9D7BE28-33D0-6701-DDF4-C12A702F2826}"
EndProject
Global
	GlobalSection(SolutionConfigurationPlatforms) = preSolution
		Debug|Any CPU = Debug|Any CPU
		Release|Any CPU = Release|Any CPU
	EndGlobalSection
	GlobalSection(ProjectConfigurationPlatforms) = postSolution
		{24D0C497-F613-ECD4-77FD-CCA17C5FC0F4}.Debug|Any CPU.ActiveCfg = Debug|Any CPU
		{24D0C497-F613-ECD4-77FD-CCA17C5FC0F4}.Debug|Any CPU.Build.0 = Debug|Any CPU
		{24D0C497-F613-ECD4-77FD-CCA17C5FC0F4}.Release|Any CPU.ActiveCfg = Release|Any CPU
		{24D0C497-F613-ECD4-77FD-CCA17C5FC0F4}.Release|Any CPU.Build.0 = Release|Any CPU
		{A9D7BE28-33D0-6701-DDF4-C12A702F2826}.Debug|Any CPU.ActiveCfg = Debug|Any CPU
		{A9D7BE28-33D0-6701-DDF4-C12A702F2826}.Debug|Any CPU.Build.0 = Debug|Any CPU
		{A9D7BE28-33D0-6701-DDF4-C12A702F2826}.Release|Any CPU.ActiveCfg = Release|Any CPU
		{A9D7BE28-33D0-6701-DDF4-C12A702F2826}.Release|Any CPU.Build.0 = Release|Any CPU
	EndGlobalSection
	GlobalSection(SolutionProperties) = preSolution
		HideSolutionNode = FALSE
	EndGlobalSection
EndGlobal
